// !$*UTF8*$!
{
	archiveVersion = 1;
	classes = {
	};
	objectVersion = 46;
	objects = {

/* Begin PBXBuildFile section */
		63D31D741B4FC3D300F5E4C5 /* main.m in Sources */ = {isa = PBXBuildFile; fileRef = 63D31D731B4FC3D300F5E4C5 /* main.m */; };
		63D31D771B4FC3D300F5E4C5 /* AppDelegate.m in Sources */ = {isa = PBXBuildFile; fileRef = 63D31D761B4FC3D300F5E4C5 /* AppDelegate.m */; };
		63D31D7A1B4FC3D300F5E4C5 /* ViewController.m in Sources */ = {isa = PBXBuildFile; fileRef = 63D31D791B4FC3D300F5E4C5 /* ViewController.m */; };
		63D31D7D1B4FC3D300F5E4C5 /* Main.storyboard in Resources */ = {isa = PBXBuildFile; fileRef = 63D31D7B1B4FC3D300F5E4C5 /* Main.storyboard */; };
		63D31D7F1B4FC3D300F5E4C5 /* Images.xcassets in Resources */ = {isa = PBXBuildFile; fileRef = 63D31D7E1B4FC3D300F5E4C5 /* Images.xcassets */; };
		63D31D821B4FC3D300F5E4C5 /* LaunchScreen.xib in Resources */ = {isa = PBXBuildFile; fileRef = 63D31D801B4FC3D300F5E4C5 /* LaunchScreen.xib */; };
		63D31D8E1B4FC3D300F5E4C5 /* YaCardGameTests.m in Sources */ = {isa = PBXBuildFile; fileRef = 63D31D8D1B4FC3D300F5E4C5 /* YaCardGameTests.m */; };
		63D964B61B53ADC500CA7413 /* Card.m in Sources */ = {isa = PBXBuildFile; fileRef = 63D964B51B53ADC500CA7413 /* Card.m */; };
		63D964B91B53B57100CA7413 /* Deck.m in Sources */ = {isa = PBXBuildFile; fileRef = 63D964B81B53B57100CA7413 /* Deck.m */; };
		63D964BC1B53BBB200CA7413 /* PlayingCard.m in Sources */ = {isa = PBXBuildFile; fileRef = 63D964BB1B53BBB200CA7413 /* PlayingCard.m */; };
		63D964BF1B53C4B700CA7413 /* PlayingCardDeck.m in Sources */ = {isa = PBXBuildFile; fileRef = 63D964BE1B53C4B700CA7413 /* PlayingCardDeck.m */; };
/* End PBXBuildFile section */

/* Begin PBXContainerItemProxy section */
		63D31D881B4FC3D300F5E4C5 /* PBXContainerItemProxy */ = {
			isa = PBXContainerItemProxy;
			containerPortal = 63D31D661B4FC3D300F5E4C5 /* Project object */;
			proxyType = 1;
			remoteGlobalIDString = 63D31D6D1B4FC3D300F5E4C5;
			remoteInfo = YaCardGame;
		};
/* End PBXContainerItemProxy section */

/* Begin PBXFileReference section */
		63D31D6E1B4FC3D300F5E4C5 /* YaCardGame.app */ = {isa = PBXFileReference; explicitFileType = wrapper.application; includeInIndex = 0; path = YaCardGame.app; sourceTree = BUILT_PRODUCTS_DIR; };
		63D31D721B4FC3D300F5E4C5 /* Info.plist */ = {isa = PBXFileReference; lastKnownFileType = text.plist.xml; path = Info.plist; sourceTree = "<group>"; };
		63D31D731B4FC3D300F5E4C5 /* main.m */ = {isa = PBXFileReference; lastKnownFileType = sourcecode.c.objc; path = main.m; sourceTree = "<group>"; };
		63D31D751B4FC3D300F5E4C5 /* AppDelegate.h */ = {isa = PBXFileReference; lastKnownFileType = sourcecode.c.h; path = AppDelegate.h; sourceTree = "<group>"; };
		63D31D761B4FC3D300F5E4C5 /* AppDelegate.m */ = {isa = PBXFileReference; lastKnownFileType = sourcecode.c.objc; path = AppDelegate.m; sourceTree = "<group>"; };
		63D31D781B4FC3D300F5E4C5 /* ViewController.h */ = {isa = PBXFileReference; lastKnownFileType = sourcecode.c.h; path = ViewController.h; sourceTree = "<group>"; };
		63D31D791B4FC3D300F5E4C5 /* ViewController.m */ = {isa = PBXFileReference; lastKnownFileType = sourcecode.c.objc; path = ViewController.m; sourceTree = "<group>"; };
		63D31D7C1B4FC3D300F5E4C5 /* Base */ = {isa = PBXFileReference; lastKnownFileType = file.storyboard; name = Base; path = Base.lproj/Main.storyboard; sourceTree = "<group>"; };
		63D31D7E1B4FC3D300F5E4C5 /* Images.xcassets */ = {isa = PBXFileReference; lastKnownFileType = folder.assetcatalog; path = Images.xcassets; sourceTree = "<group>"; };
		63D31D811B4FC3D300F5E4C5 /* Base */ = {isa = PBXFileReference; lastKnownFileType = file.xib; name = Base; path = Base.lproj/LaunchScreen.xib; sourceTree = "<group>"; };
		63D31D871B4FC3D300F5E4C5 /* YaCardGameTests.xctest */ = {isa = PBXFileReference; explicitFileType = wrapper.cfbundle; includeInIndex = 0; path = YaCardGameTests.xctest; sourceTree = BUILT_PRODUCTS_DIR; };
		63D31D8C1B4FC3D300F5E4C5 /* Info.plist */ = {isa = PBXFileReference; lastKnownFileType = text.plist.xml; path = Info.plist; sourceTree = "<group>"; };
		63D31D8D1B4FC3D300F5E4C5 /* YaCardGameTests.m */ = {isa = PBXFileReference; lastKnownFileType = sourcecode.c.objc; path = YaCardGameTests.m; sourceTree = "<group>"; };
		63D964B41B53ADC500CA7413 /* Card.h */ = {isa = PBXFileReference; fileEncoding = 4; lastKnownFileType = sourcecode.c.h; name = Card.h; path = Model/Card.h; sourceTree = "<group>"; };
		63D964B51B53ADC500CA7413 /* Card.m */ = {isa = PBXFileReference; fileEncoding = 4; lastKnownFileType = sourcecode.c.objc; name = Card.m; path = Model/Card.m; sourceTree = "<group>"; };
		63D964B71B53B57100CA7413 /* Deck.h */ = {isa = PBXFileReference; fileEncoding = 4; lastKnownFileType = sourcecode.c.h; name = Deck.h; path = Model/Deck.h; sourceTree = "<group>"; };
		63D964B81B53B57100CA7413 /* Deck.m */ = {isa = PBXFileReference; fileEncoding = 4; lastKnownFileType = sourcecode.c.objc; name = Deck.m; path = Model/Deck.m; sourceTree = "<group>"; };
		63D964BA1B53BBB200CA7413 /* PlayingCard.h */ = {isa = PBXFileReference; fileEncoding = 4; lastKnownFileType = sourcecode.c.h; name = PlayingCard.h; path = Model/PlayingCard.h; sourceTree = "<group>"; };
		63D964BB1B53BBB200CA7413 /* PlayingCard.m */ = {isa = PBXFileReference; fileEncoding = 4; lastKnownFileType = sourcecode.c.objc; name = PlayingCard.m; path = Model/PlayingCard.m; sourceTree = "<group>"; };
		63D964BD1B53C4B700CA7413 /* PlayingCardDeck.h */ = {isa = PBXFileReference; fileEncoding = 4; lastKnownFileType = sourcecode.c.h; name = PlayingCardDeck.h; path = Model/PlayingCardDeck.h; sourceTree = "<group>"; };
		63D964BE1B53C4B700CA7413 /* PlayingCardDeck.m */ = {isa = PBXFileReference; fileEncoding = 4; lastKnownFileType = sourcecode.c.objc; name = PlayingCardDeck.m; path = Model/PlayingCardDeck.m; sourceTree = "<group>"; };
/* End PBXFileReference section */

/* Begin PBXFrameworksBuildPhase section */
		63D31D6B1B4FC3D300F5E4C5 /* Frameworks */ = {
			isa = PBXFrameworksBuildPhase;
			buildActionMask = 2147483647;
			files = (
			);
			runOnlyForDeploymentPostprocessing = 0;
		};
		63D31D841B4FC3D300F5E4C5 /* Frameworks */ = {
			isa = PBXFrameworksBuildPhase;
			buildActionMask = 2147483647;
			files = (
			);
			runOnlyForDeploymentPostprocessing = 0;
		};
/* End PBXFrameworksBuildPhase section */

/* Begin PBXGroup section */
		63D31D651B4FC3D300F5E4C5 = {
			isa = PBXGroup;
			children = (
				63D31D701B4FC3D300F5E4C5 /* YaCardGame */,
				63D31D8A1B4FC3D300F5E4C5 /* YaCardGameTests */,
				63D31D6F1B4FC3D300F5E4C5 /* Products */,
			);
			sourceTree = "<group>";
		};
		63D31D6F1B4FC3D300F5E4C5 /* Products */ = {
			isa = PBXGroup;
			children = (
				63D31D6E1B4FC3D300F5E4C5 /* YaCardGame.app */,
				63D31D871B4FC3D300F5E4C5 /* YaCardGameTests.xctest */,
			);
			name = Products;
			sourceTree = "<group>";
		};
		63D31D701B4FC3D300F5E4C5 /* YaCardGame */ = {
			isa = PBXGroup;
			children = (
				63D964B41B53ADC500CA7413 /* Card.h */,
				63D964B51B53ADC500CA7413 /* Card.m */,
				63D964B71B53B57100CA7413 /* Deck.h */,
				63D964B81B53B57100CA7413 /* Deck.m */,
				63D964BA1B53BBB200CA7413 /* PlayingCard.h */,
				63D964BB1B53BBB200CA7413 /* PlayingCard.m */,
				63D964BD1B53C4B700CA7413 /* PlayingCardDeck.h */,
				63D964BE1B53C4B700CA7413 /* PlayingCardDeck.m */,
				63D31D781B4FC3D300F5E4C5 /* ViewController.h */,
				63D31D791B4FC3D300F5E4C5 /* ViewController.m */,
				63D31D7B1B4FC3D300F5E4C5 /* Main.storyboard */,
				63D31D7E1B4FC3D300F5E4C5 /* Images.xcassets */,
				63D31D801B4FC3D300F5E4C5 /* LaunchScreen.xib */,
				63D31D711B4FC3D300F5E4C5 /* Supporting Files */,
			);
			path = YaCardGame;
			sourceTree = "<group>";
		};
		63D31D711B4FC3D300F5E4C5 /* Supporting Files */ = {
			isa = PBXGroup;
			children = (
				63D31D751B4FC3D300F5E4C5 /* AppDelegate.h */,
				63D31D761B4FC3D300F5E4C5 /* AppDelegate.m */,
				63D31D721B4FC3D300F5E4C5 /* Info.plist */,
				63D31D731B4FC3D300F5E4C5 /* main.m */,
			);
			name = "Supporting Files";
			sourceTree = "<group>";
		};
		63D31D8A1B4FC3D300F5E4C5 /* YaCardGameTests */ = {
			isa = PBXGroup;
			children = (
				63D31D8D1B4FC3D300F5E4C5 /* YaCardGameTests.m */,
				63D31D8B1B4FC3D300F5E4C5 /* Supporting Files */,
			);
			path = YaCardGameTests;
			sourceTree = "<group>";
		};
		63D31D8B1B4FC3D300F5E4C5 /* Supporting Files */ = {
			isa = PBXGroup;
			children = (
				63D31D8C1B4FC3D300F5E4C5 /* Info.plist */,
			);
			name = "Supporting Files";
			sourceTree = "<group>";
		};
/* End PBXGroup section */

/* Begin PBXNativeTarget section */
		63D31D6D1B4FC3D300F5E4C5 /* YaCardGame */ = {
			isa = PBXNativeTarget;
			buildConfigurationList = 63D31D911B4FC3D300F5E4C5 /* Build configuration list for PBXNativeTarget "YaCardGame" */;
			buildPhases = (
				63D31D6A1B4FC3D300F5E4C5 /* Sources */,
				63D31D6B1B4FC3D300F5E4C5 /* Frameworks */,
				63D31D6C1B4FC3D300F5E4C5 /* Resources */,
			);
			buildRules = (
			);
			dependencies = (
			);
			name = YaCardGame;
			productName = YaCardGame;
			productReference = 63D31D6E1B4FC3D300F5E4C5 /* YaCardGame.app */;
			productType = "com.apple.product-type.application";
		};
		63D31D861B4FC3D300F5E4C5 /* YaCardGameTests */ = {
			isa = PBXNativeTarget;
			buildConfigurationList = 63D31D941B4FC3D300F5E4C5 /* Build configuration list for PBXNativeTarget "YaCardGameTests" */;
			buildPhases = (
				63D31D831B4FC3D300F5E4C5 /* Sources */,
				63D31D841B4FC3D300F5E4C5 /* Frameworks */,
				63D31D851B4FC3D300F5E4C5 /* Resources */,
			);
			buildRules = (
			);
			dependencies = (
				63D31D891B4FC3D300F5E4C5 /* PBXTargetDependency */,
			);
			name = YaCardGameTests;
			productName = YaCardGameTests;
			productReference = 63D31D871B4FC3D300F5E4C5 /* YaCardGameTests.xctest */;
			productType = "com.apple.product-type.bundle.unit-test";
		};
/* End PBXNativeTarget section */

/* Begin PBXProject section */
		63D31D661B4FC3D300F5E4C5 /* Project object */ = {
			isa = PBXProject;
			attributes = {
				LastUpgradeCheck = 0610;
				ORGANIZATIONNAME = "Chen, Ya";
				TargetAttributes = {
					63D31D6D1B4FC3D300F5E4C5 = {
						CreatedOnToolsVersion = 6.1.1;
					};
					63D31D861B4FC3D300F5E4C5 = {
						CreatedOnToolsVersion = 6.1.1;
						TestTargetID = 63D31D6D1B4FC3D300F5E4C5;
					};
				};
			};
			buildConfigurationList = 63D31D691B4FC3D300F5E4C5 /* Build configuration list for PBXProject "YaCardGame" */;
			compatibilityVersion = "Xcode 3.2";
			developmentRegion = English;
			hasScannedForEncodings = 0;
			knownRegions = (
				en,
				Base,
			);
			mainGroup = 63D31D651B4FC3D300F5E4C5;
			productRefGroup = 63D31D6F1B4FC3D300F5E4C5 /* Products */;
			projectDirPath = "";
			projectRoot = "";
			targets = (
				63D31D6D1B4FC3D300F5E4C5 /* YaCardGame */,
				63D31D861B4FC3D300F5E4C5 /* YaCardGameTests */,
			);
		};
/* End PBXProject section */

/* Begin PBXResourcesBuildPhase section */
		63D31D6C1B4FC3D300F5E4C5 /* Resources */ = {
			isa = PBXResourcesBuildPhase;
			buildActionMask = 2147483647;
			files = (
				63D31D7D1B4FC3D300F5E4C5 /* Main.storyboard in Resources */,
				63D31D821B4FC3D300F5E4C5 /* LaunchScreen.xib in Resources */,
				63D31D7F1B4FC3D300F5E4C5 /* Images.xcassets in Resources */,
			);
			runOnlyForDeploymentPostprocessing = 0;
		};
		63D31D851B4FC3D300F5E4C5 /* Resources */ = {
			isa = PBXResourcesBuildPhase;
			buildActionMask = 2147483647;
			files = (
			);
			runOnlyForDeploymentPostprocessing = 0;
		};
/* End PBXResourcesBuildPhase section */

/* Begin PBXSourcesBuildPhase section */
		63D31D6A1B4FC3D300F5E4C5 /* Sources */ = {
			isa = PBXSourcesBuildPhase;
			buildActionMask = 2147483647;
			files = (
				63D964BC1B53BBB200CA7413 /* PlayingCard.m in Sources */,
				63D964B91B53B57100CA7413 /* Deck.m in Sources */,
				63D31D7A1B4FC3D300F5E4C5 /* ViewController.m in Sources */,
				63D31D771B4FC3D300F5E4C5 /* AppDelegate.m in Sources */,
				63D964BF1B53C4B700CA7413 /* PlayingCardDeck.m in Sources */,
				63D31D741B4FC3D300F5E4C5 /* main.m in Sources */,
				63D964B61B53ADC500CA7413 /* Card.m in Sources */,
			);
			runOnlyForDeploymentPostprocessing = 0;
		};
		63D31D831B4FC3D300F5E4C5 /* Sources */ = {
			isa = PBXSourcesBuildPhase;
			buildActionMask = 2147483647;
			files = (
				63D31D8E1B4FC3D300F5E4C5 /* YaCardGameTests.m in Sources */,
			);
			runOnlyForDeploymentPostprocessing = 0;
		};
/* End PBXSourcesBuildPhase section */

/* Begin PBXTargetDependency section */
		63D31D891B4FC3D300F5E4C5 /* PBXTargetDependency */ = {
			isa = PBXTargetDependency;
			target = 63D31D6D1B4FC3D300F5E4C5 /* YaCardGame */;
			targetProxy = 63D31D881B4FC3D300F5E4C5 /* PBXContainerItemProxy */;
		};
/* End PBXTargetDependency section */

/* Begin PBXVariantGroup section */
		63D31D7B1B4FC3D300F5E4C5 /* Main.storyboard */ = {
			isa = PBXVariantGroup;
			children = (
				63D31D7C1B4FC3D300F5E4C5 /* Base */,
			);
			name = Main.storyboard;
			sourceTree = "<group>";
		};
		63D31D801B4FC3D300F5E4C5 /* LaunchScreen.xib */ = {
			isa = PBXVariantGroup;
			children = (
				63D31D811B4FC3D300F5E4C5 /* Base */,
			);
			name = LaunchScreen.xib;
			sourceTree = "<group>";
		};
/* End PBXVariantGroup section */

/* Begin XCBuildConfiguration section */
		63D31D8F1B4FC3D300F5E4C5 /* Debug */ = {
			isa = XCBuildConfiguration;
			buildSettings = {
				ALWAYS_SEARCH_USER_PATHS = NO;
				CLANG_CXX_LANGUAGE_STANDARD = "gnu++0x";
				CLANG_CXX_LIBRARY = "libc++";
				CLANG_ENABLE_MODULES = YES;
				CLANG_ENABLE_OBJC_ARC = YES;
				CLANG_WARN_BOOL_CONVERSION = YES;
				CLANG_WARN_CONSTANT_CONVERSION = YES;
				CLANG_WARN_DIRECT_OBJC_ISA_USAGE = YES_ERROR;
				CLANG_WARN_EMPTY_BODY = YES;
				CLANG_WARN_ENUM_CONVERSION = YES;
				CLANG_WARN_INT_CONVERSION = YES;
				CLANG_WARN_OBJC_ROOT_CLASS = YES_ERROR;
				CLANG_WARN_UNREACHABLE_CODE = YES;
				CLANG_WARN__DUPLICATE_METHOD_MATCH = YES;
				"CODE_SIGN_IDENTITY[sdk=iphoneos*]" = "iPhone Developer";
				COPY_PHASE_STRIP = NO;
				ENABLE_STRICT_OBJC_MSGSEND = YES;
				GCC_C_LANGUAGE_STANDARD = gnu99;
				GCC_DYNAMIC_NO_PIC = NO;
				GCC_OPTIMIZATION_LEVEL = 0;
				GCC_PREPROCESSOR_DEFINITIONS = (
					"DEBUG=1",
					"$(inherited)",
				);
				GCC_SYMBOLS_PRIVATE_EXTERN = NO;
				GCC_WARN_64_TO_32_BIT_CONVERSION = YES;
				GCC_WARN_ABOUT_RETURN_TYPE = YES_ERROR;
				GCC_WARN_UNDECLARED_SELECTOR = YES;
				GCC_WARN_UNINITIALIZED_AUTOS = YES_AGGRESSIVE;
				GCC_WARN_UNUSED_FUNCTION = YES;
				GCC_WARN_UNUSED_VARIABLE = YES;
				IPHONEOS_DEPLOYMENT_TARGET = 8.1;
				MTL_ENABLE_DEBUG_INFO = YES;
				ONLY_ACTIVE_ARCH = YES;
				SDKROOT = iphoneos;
			};
			name = Debug;
		};
		63D31D901B4FC3D300F5E4C5 /* Release */ = {
			isa = XCBuildConfiguration;
			buildSettings = {
				ALWAYS_SEARCH_USER_PATHS = NO;
				CLANG_CXX_LANGUAGE_STANDARD = "gnu++0x";
				CLANG_CXX_LIBRARY = "libc++";
				CLANG_ENABLE_MODULES = YES;
				CLANG_ENABLE_OBJC_ARC = YES;
				CLANG_WARN_BOOL_CONVERSION = YES;
				CLANG_WARN_CONSTANT_CONVERSION = YES;
				CLANG_WARN_DIRECT_OBJC_ISA_USAGE = YES_ERROR;
				CLANG_WARN_EMPTY_BODY = YES;
				CLANG_WARN_ENUM_CONVERSION = YES;
				CLANG_WARN_INT_CONVERSION = YES;
				CLANG_WARN_OBJC_ROOT_CLASS = YES_ERROR;
				CLANG_WARN_UNREACHABLE_CODE = YES;
				CLANG_WARN__DUPLICATE_METHOD_MATCH = YES;
				"CODE_SIGN_IDENTITY[sdk=iphoneos*]" = "iPhone Developer";
				COPY_PHASE_STRIP = YES;
				ENABLE_NS_ASSERTIONS = NO;
				ENABLE_STRICT_OBJC_MSGSEND = YES;
				GCC_C_LANGUAGE_STANDARD = gnu99;
				GCC_WARN_64_TO_32_BIT_CONVERSION = YES;
				GCC_WARN_ABOUT_RETURN_TYPE = YES_ERROR;
				GCC_WARN_UNDECLARED_SELECTOR = YES;
				GCC_WARN_UNINITIALIZED_AUTOS = YES_AGGRESSIVE;
				GCC_WARN_UNUSED_FUNCTION = YES;
				GCC_WARN_UNUSED_VARIABLE = YES;
				IPHONEOS_DEPLOYMENT_TARGET = 8.1;
				MTL_ENABLE_DEBUG_INFO = NO;
				SDKROOT = iphoneos;
				VALIDATE_PRODUCT = YES;
			};
			name = Release;
		};
		63D31D921B4FC3D300F5E4C5 /* Debug */ = {
			isa = XCBuildConfiguration;
			buildSettings = {
				ASSETCATALOG_COMPILER_APPICON_NAME = AppIcon;
				INFOPLIST_FILE = YaCardGame/Info.plist;
				LD_RUNPATH_SEARCH_PATHS = "$(inherited) @executable_path/Frameworks";
				PRODUCT_NAME = "$(TARGET_NAME)";
			};
			name = Debug;
		};
		63D31D931B4FC3D300F5E4C5 /* Release */ = {
			isa = XCBuildConfiguration;
			buildSettings = {
				ASSETCATALOG_COMPILER_APPICON_NAME = AppIcon;
				INFOPLIST_FILE = YaCardGame/Info.plist;
				LD_RUNPATH_SEARCH_PATHS = "$(inherited) @executable_path/Frameworks";
				PRODUCT_NAME = "$(TARGET_NAME)";
			};
			name = Release;
		};
		63D31D951B4FC3D300F5E4C5 /* Debug */ = {
			isa = XCBuildConfiguration;
			buildSettings = {
				BUNDLE_LOADER = "$(TEST_HOST)";
				FRAMEWORK_SEARCH_PATHS = (
					"$(SDKROOT)/Developer/Library/Frameworks",
					"$(inherited)",
				);
				GCC_PREPROCESSOR_DEFINITIONS = (
					"DEBUG=1",
					"$(inherited)",
				);
				INFOPLIST_FILE = YaCardGameTests/Info.plist;
				LD_RUNPATH_SEARCH_PATHS = "$(inherited) @executable_path/Frameworks @loader_path/Frameworks";
				PRODUCT_NAME = "$(TARGET_NAME)";
				TEST_HOST = "$(BUILT_PRODUCTS_DIR)/YaCardGame.app/YaCardGame";
			};
			name = Debug;
		};
		63D31D961B4FC3D300F5E4C5 /* Release */ = {
			isa = XCBuildConfiguration;
			buildSettings = {
				BUNDLE_LOADER = "$(TEST_HOST)";
				FRAMEWORK_SEARCH_PATHS = (
					"$(SDKROOT)/Developer/Library/Frameworks",
					"$(inherited)",
				);
				INFOPLIST_FILE = YaCardGameTests/Info.plist;
				LD_RUNPATH_SEARCH_PATHS = "$(inherited) @executable_path/Frameworks @loader_path/Frameworks";
				PRODUCT_NAME = "$(TARGET_NAME)";
				TEST_HOST = "$(BUILT_PRODUCTS_DIR)/YaCardGame.app/YaCardGame";
			};
			name = Release;
		};
/* End XCBuildConfiguration section */

/* Begin XCConfigurationList section */
		63D31D691B4FC3D300F5E4C5 /* Build configuration list for PBXProject "YaCardGame" */ = {
			isa = XCConfigurationList;
			buildConfigurations = (
				63D31D8F1B4FC3D300F5E4C5 /* Debug */,
				63D31D901B4FC3D300F5E4C5 /* Release */,
			);
			defaultConfigurationIsVisible = 0;
			defaultConfigurationName = Release;
		};
		63D31D911B4FC3D300F5E4C5 /* Build configuration list for PBXNativeTarget "YaCardGame" */ = {
			isa = XCConfigurationList;
			buildConfigurations = (
				63D31D921B4FC3D300F5E4C5 /* Debug */,
				63D31D931B4FC3D300F5E4C5 /* Release */,
			);
			defaultConfigurationIsVisible = 0;
			defaultConfigurationName = Release;
		};
		63D31D941B4FC3D300F5E4C5 /* Build configuration list for PBXNativeTarget "YaCardGameTests" */ = {
			isa = XCConfigurationList;
			buildConfigurations = (
				63D31D951B4FC3D300F5E4C5 /* Debug */,
				63D31D961B4FC3D300F5E4C5 /* Release */,
			);
			defaultConfigurationIsVisible = 0;
			defaultConfigurationName = Release;
		};
/* End XCConfigurationList section */
	};
	rootObject = 63D31D661B4FC3D300F5E4C5 /* Project object */;
}
